
Microsoft Visual Studio Solution File, Format Version 12.00
# Visual Studio 14
VisualStudioVersion = 14.0.25420.1
MinimumVisualStudioVersion = 10.0.40219.1
Project("{FAE04EC0-301F-11D3-BF4B-00C04F79EFBC}") = "CentroMedico.DALC", "Biblioteca.DALC\CentroMedico.DALC.csproj", "{8EC312C6-9B64-4E96-A11D-909DB81F2219}"
EndProject
Project("{FAE04EC0-301F-11D3-BF4B-00C04F79EFBC}") = "CentroMedico.Negocio", "Biblioteca.Negocio\CentroMedico.Negocio.csproj", "{97DDC28E-77C3-482A-83E2-ACB05DF6BB5A}"
EndProject
Project("{FAE04EC0-301F-11D3-BF4B-00C04F79EFBC}") = "WebCentroMedico", "WebBiblioteca\WebCentroMedico.csproj", "{BE91264D-818C-42D5-9746-9697E7B38138}"
EndProject
Project("{FAE04EC0-301F-11D3-BF4B-00C04F79EFBC}") = "CentroMedico.Test", "CentroMedico.Test\CentroMedico.Test.csproj", "{968E57E7-B15B-47FA-A2E3-EEFC84EEBD21}"
EndProject
Global
	GlobalSection(SolutionConfigurationPlatforms) = preSolution
		Debug|Any CPU = Debug|Any CPU
		Release|Any CPU = Release|Any CPU
	EndGlobalSection
	GlobalSection(ProjectConfigurationPlatforms) = postSolution
		{8EC312C6-9B64-4E96-A11D-909DB81F2219}.Debug|Any CPU.ActiveCfg = Debug|Any CPU
		{8EC312C6-9B64-4E96-A11D-909DB81F2219}.Debug|Any CPU.Build.0 = Debug|Any CPU
		{8EC312C6-9B64-4E96-A11D-909DB81F2219}.Release|Any CPU.ActiveCfg = Release|Any CPU
		{8EC312C6-9B64-4E96-A11D-909DB81F2219}.Release|Any CPU.Build.0 = Release|Any CPU
		{97DDC28E-77C3-482A-83E2-ACB05DF6BB5A}.Debug|Any CPU.ActiveCfg = Debug|Any CPU
		{97DDC28E-77C3-482A-83E2-ACB05DF6BB5A}.Debug|Any CPU.Build.0 = Debug|Any CPU
		{97DDC28E-77C3-482A-83E2-ACB05DF6BB5A}.Release|Any CPU.ActiveCfg = Release|Any CPU
		{97DDC28E-77C3-482A-83E2-ACB05DF6BB5A}.Release|Any CPU.Build.0 = Release|Any CPU
		{BE91264D-818C-42D5-9746-9697E7B38138}.Debug|Any CPU.ActiveCfg = Debug|Any CPU
		{BE91264D-818C-42D5-9746-9697E7B38138}.Debug|Any CPU.Build.0 = Debug|Any CPU
		{BE91264D-818C-42D5-9746-9697E7B38138}.Release|Any CPU.ActiveCfg = Release|Any CPU
		{BE91264D-818C-42D5-9746-9697E7B38138}.Release|Any CPU.Build.0 = Release|Any CPU
		{968E57E7-B15B-47FA-A2E3-EEFC84EEBD21}.Debug|Any CPU.ActiveCfg = Debug|Any CPU
		{968E57E7-B15B-47FA-A2E3-EEFC84EEBD21}.Debug|Any CPU.Build.0 = Debug|Any CPU
		{968E57E7-B15B-47FA-A2E3-EEFC84EEBD21}.Release|Any CPU.ActiveCfg = Release|Any CPU
		{968E57E7-B15B-47FA-A2E3-EEFC84EEBD21}.Release|Any CPU.Build.0 = Release|Any CPU
	EndGlobalSection
	GlobalSection(SolutionProperties) = preSolution
		HideSolutionNode = FALSE
	EndGlobalSection
EndGlobal
